Microsoft Visual Studio Solution File, Format Version 12.00
# Visual Studio 2012
Project("{FAE04EC0-301F-11D3-BF4B-00C04F79EFBC}") = "CustomTerrain", "CustomTerrain.csproj", "{24F632DF-7CAD-4A1E-9418-5FA39375902E}"
EndProject
Global
	GlobalSection(SolutionConfigurationPlatforms) = preSolution
	Debug|Any CPU = Debug|Any CPU
	ExportDebug|Any CPU = ExportDebug|Any CPU
	ExportRelease|Any CPU = ExportRelease|Any CPU
	EndGlobalSection
	GlobalSection(ProjectConfigurationPlatforms) = postSolution
		{24F632DF-7CAD-4A1E-9418-5FA39375902E}.Debug|Any CPU.ActiveCfg = Debug|Any CPU
		{24F632DF-7CAD-4A1E-9418-5FA39375902E}.Debug|Any CPU.Build.0 = Debug|Any CPU
		{24F632DF-7CAD-4A1E-9418-5FA39375902E}.ExportDebug|Any CPU.ActiveCfg = ExportDebug|Any CPU
		{24F632DF-7CAD-4A1E-9418-5FA39375902E}.ExportDebug|Any CPU.Build.0 = ExportDebug|Any CPU
		{24F632DF-7CAD-4A1E-9418-5FA39375902E}.ExportRelease|Any CPU.ActiveCfg = ExportRelease|Any CPU
		{24F632DF-7CAD-4A1E-9418-5FA39375902E}.ExportRelease|Any CPU.Build.0 = ExportRelease|Any CPU
	EndGlobalSection
EndGlobal
